{
  "name": "example",
  "version": "1.0.0",
  "lockfileVersion": 2,
  "requires": true,
  "packages": {
    "": {
      "version": "1.0.0",
      "license": "ISC",
      "dependencies": {
        "rainbow-console-log": "^1.0.1"
      }
    },
    "node_modules/rainbow-console-log": {
      "version": "1.0.1",
      "resolved": "https://registry.npmjs.org/rainbow-console-log/-/rainbow-console-log-1.0.1.tgz",
      "integrity": "sha512-az0ScfMwYo8gYmTeCzSNwnRUSM6K5a7vBGD3urzZdlqSCbyslwSxM/cFl2dJKvuPILu+FLuRU2t0hYVYKfbAkg=="
    }
  },
  "dependencies": {
    "rainbow-console-log": {
      "version": "1.0.1",
      "resolved": "https://registry.npmjs.org/rainbow-console-log/-/rainbow-console-log-1.0.1.tgz",
      "integrity": "sha512-az0ScfMwYo8gYmTeCzSNwnRUSM6K5a7vBGD3urzZdlqSCbyslwSxM/cFl2dJKvuPILu+FLuRU2t0hYVYKfbAkg=="
    }
  }
}
