# THIS IS AN AUTOGENERATED FILE. DO NOT EDIT THIS FILE DIRECTLY.
# yarn lockfile v1


rainbow-console-log@1.0.5:
  version "1.0.5"
  resolved "https://registry.yarnpkg.com/rainbow-console-log/-/rainbow-console-log-1.0.5.tgz#5bee93efad842416be1f3f9b041e9856f6e18a1e"
  integrity sha512-ymkTUiaITZ8T6jageYeBQBELAKMMgVExUwVhZ+YM+8fXx9SvjuVWMJczMpdE9s5DHndd31fbEIba3IY7hNDd8w==
