# THIS IS AN AUTOGENERATED FILE. DO NOT EDIT THIS FILE DIRECTLY.
# yarn lockfile v1


rainbow-console-log@^1.0.3:
  version "1.0.3"
  resolved "https://registry.yarnpkg.com/rainbow-console-log/-/rainbow-console-log-1.0.3.tgz#b05a9690d466b9e282997ffd2ed20e5bed9c9494"
  integrity sha512-Zt47NyADoQ63eu9fpy+NT9Amwsj7+6y4Onvep7OftePhAS9PrGhdknART1BqO2Cwgq1o6QB23Q+UMxxULdq06A==
