# THIS IS AN AUTOGENERATED FILE. DO NOT EDIT THIS FILE DIRECTLY.
# yarn lockfile v1


rainbow-console-log@^1.0.4:
  version "1.0.4"
  resolved "https://registry.yarnpkg.com/rainbow-console-log/-/rainbow-console-log-1.0.4.tgz#c603640d4bf33e5da3d01a98a3658e4f029bf4b5"
  integrity sha512-eTLvf47lIOr0Ufakrizh6VAKHgS6yYr+N8rizeEq7tuAMLvuaid9gyNjXIS1GS1vjk0cTXRGzro4Uw13GqS54g==
